
Microsoft Visual Studio Solution File, Format Version 12.00
# Visual Studio Version 16
VisualStudioVersion = 16.0.28803.352
MinimumVisualStudioVersion = 10.0.40219.1
Project("{FAE04EC0-301F-11D3-BF4B-00C04F79EFBC}") = "HW-09-05-20", "HW-09-05-20\HW-09-05-20.csproj", "{0C6ACF89-F20C-48ED-BBA7-66EBA32932D2}"
EndProject
Global
	GlobalSection(SolutionConfigurationPlatforms) = preSolution
		Debug|Any CPU = Debug|Any CPU
		Release|Any CPU = Release|Any CPU
	EndGlobalSection
	GlobalSection(ProjectConfigurationPlatforms) = postSolution
		{0C6ACF89-F20C-48ED-BBA7-66EBA32932D2}.Debug|Any CPU.ActiveCfg = Debug|Any CPU
		{0C6ACF89-F20C-48ED-BBA7-66EBA32932D2}.Debug|Any CPU.Build.0 = Debug|Any CPU
		{0C6ACF89-F20C-48ED-BBA7-66EBA32932D2}.Release|Any CPU.ActiveCfg = Release|Any CPU
		{0C6ACF89-F20C-48ED-BBA7-66EBA32932D2}.Release|Any CPU.Build.0 = Release|Any CPU
	EndGlobalSection
	GlobalSection(SolutionProperties) = preSolution
		HideSolutionNode = FALSE
	EndGlobalSection
	GlobalSection(ExtensibilityGlobals) = postSolution
		SolutionGuid = {65B2C449-6F50-4B23-BB08-D9A379E7333A}
	EndGlobalSection
EndGlobal
